
Microsoft Visual Studio Solution File, Format Version 12.00
# Visual Studio Version 16
VisualStudioVersion = 16.0.31410.357
MinimumVisualStudioVersion = 10.0.40219.1
Project("{FAE04EC0-301F-11D3-BF4B-00C04F79EFBC}") = "Roya", "Roya\Roya.csproj", "{645A250F-FFFD-4D01-A422-0113FACF02A7}"
EndProject
Global
	GlobalSection(SolutionConfigurationPlatforms) = preSolution
		Debug|Any CPU = Debug|Any CPU
		Release|Any CPU = Release|Any CPU
	EndGlobalSection
	GlobalSection(ProjectConfigurationPlatforms) = postSolution
		{645A250F-FFFD-4D01-A422-0113FACF02A7}.Debug|Any CPU.ActiveCfg = Debug|Any CPU
		{645A250F-FFFD-4D01-A422-0113FACF02A7}.Debug|Any CPU.Build.0 = Debug|Any CPU
		{645A250F-FFFD-4D01-A422-0113FACF02A7}.Release|Any CPU.ActiveCfg = Release|Any CPU
		{645A250F-FFFD-4D01-A422-0113FACF02A7}.Release|Any CPU.Build.0 = Release|Any CPU
	EndGlobalSection
	GlobalSection(SolutionProperties) = preSolution
		HideSolutionNode = FALSE
	EndGlobalSection
	GlobalSection(ExtensibilityGlobals) = postSolution
		SolutionGuid = {C318DA62-F57D-4EDF-902E-CD955394427B}
	EndGlobalSection
EndGlobal
